// !$*UTF8*$!
{
	archiveVersion = 1;
	classes = {
	};
	objectVersion = 46;
	objects = {

/* Begin PBXBuildFile section */
		9831D07123115C840028D564 /* FinishControllerProtocol.swift in Sources */ = {isa = PBXBuildFile; fileRef = 9831D06E23115C840028D564 /* FinishControllerProtocol.swift */; };
		9831D07223115C840028D564 /* Coordinator.swift in Sources */ = {isa = PBXBuildFile; fileRef = 9831D06F23115C840028D564 /* Coordinator.swift */; };
		9831D07323115C840028D564 /* Presenter.swift in Sources */ = {isa = PBXBuildFile; fileRef = 9831D07023115C840028D564 /* Presenter.swift */; };
		9831D076231172C60028D564 /* Errors.swift in Sources */ = {isa = PBXBuildFile; fileRef = 9831D075231172C60028D564 /* Errors.swift */; };
		9831D07D2311738E0028D564 /* CoordinatorBlue.swift in Sources */ = {isa = PBXBuildFile; fileRef = 9831D07C2311738E0028D564 /* CoordinatorBlue.swift */; };
		9831D082231173950028D564 /* IceBlueViewController.xib in Resources */ = {isa = PBXBuildFile; fileRef = 9831D07E231173950028D564 /* IceBlueViewController.xib */; };
		9831D083231173950028D564 /* BlueViewController.xib in Resources */ = {isa = PBXBuildFile; fileRef = 9831D07F231173950028D564 /* BlueViewController.xib */; };
		9831D084231173950028D564 /* IceBlueViewController.swift in Sources */ = {isa = PBXBuildFile; fileRef = 9831D080231173950028D564 /* IceBlueViewController.swift */; };
		9831D085231173950028D564 /* BlueViewController.swift in Sources */ = {isa = PBXBuildFile; fileRef = 9831D081231173950028D564 /* BlueViewController.swift */; };
		9831D087231173CC0028D564 /* CoordinatorRed.swift in Sources */ = {isa = PBXBuildFile; fileRef = 9831D086231173CC0028D564 /* CoordinatorRed.swift */; };
		9831D08E231173D60028D564 /* PinkViewController.xib in Resources */ = {isa = PBXBuildFile; fileRef = 9831D088231173D60028D564 /* PinkViewController.xib */; };
		9831D08F231173D60028D564 /* PinkViewController.swift in Sources */ = {isa = PBXBuildFile; fileRef = 9831D089231173D60028D564 /* PinkViewController.swift */; };
		9831D090231173D60028D564 /* WineViewController.swift in Sources */ = {isa = PBXBuildFile; fileRef = 9831D08A231173D60028D564 /* WineViewController.swift */; };
		9831D091231173D60028D564 /* RedViewController.swift in Sources */ = {isa = PBXBuildFile; fileRef = 9831D08B231173D60028D564 /* RedViewController.swift */; };
		9831D092231173D60028D564 /* RedViewController.xib in Resources */ = {isa = PBXBuildFile; fileRef = 9831D08C231173D60028D564 /* RedViewController.xib */; };
		9831D093231173D60028D564 /* WineViewController.xib in Resources */ = {isa = PBXBuildFile; fileRef = 9831D08D231173D60028D564 /* WineViewController.xib */; };
		9831D0982311C4C80028D564 /* CoordinatorFactory.swift in Sources */ = {isa = PBXBuildFile; fileRef = 9831D0952311C4C80028D564 /* CoordinatorFactory.swift */; };
		9831D0992311C4C80028D564 /* Route.swift in Sources */ = {isa = PBXBuildFile; fileRef = 9831D0962311C4C80028D564 /* Route.swift */; };
		9831D09A2311C4C80028D564 /* ControllerFactory.swift in Sources */ = {isa = PBXBuildFile; fileRef = 9831D0972311C4C80028D564 /* ControllerFactory.swift */; };
		9831D09D2311C50B0028D564 /* Bool+Animated.swift in Sources */ = {isa = PBXBuildFile; fileRef = 9831D09C2311C50B0028D564 /* Bool+Animated.swift */; };
		9831D0A02311C52C0028D564 /* CoordinatorManager.swift in Sources */ = {isa = PBXBuildFile; fileRef = 9831D09F2311C52C0028D564 /* CoordinatorManager.swift */; };
		98CA7CE71E23EB0D0078F798 /* AppDelegate.swift in Sources */ = {isa = PBXBuildFile; fileRef = 98CA7CE61E23EB0D0078F798 /* AppDelegate.swift */; };
		98CA7CEE1E23EB0D0078F798 /* Assets.xcassets in Resources */ = {isa = PBXBuildFile; fileRef = 98CA7CED1E23EB0D0078F798 /* Assets.xcassets */; };
		98CA7CF11E23EB0D0078F798 /* LaunchScreen.storyboard in Resources */ = {isa = PBXBuildFile; fileRef = 98CA7CEF1E23EB0D0078F798 /* LaunchScreen.storyboard */; };
/* End PBXBuildFile section */

/* Begin PBXFileReference section */
		9831D06E23115C840028D564 /* FinishControllerProtocol.swift */ = {isa = PBXFileReference; fileEncoding = 4; lastKnownFileType = sourcecode.swift; path = FinishControllerProtocol.swift; sourceTree = "<group>"; };
		9831D06F23115C840028D564 /* Coordinator.swift */ = {isa = PBXFileReference; fileEncoding = 4; lastKnownFileType = sourcecode.swift; path = Coordinator.swift; sourceTree = "<group>"; };
		9831D07023115C840028D564 /* Presenter.swift */ = {isa = PBXFileReference; fileEncoding = 4; lastKnownFileType = sourcecode.swift; path = Presenter.swift; sourceTree = "<group>"; };
		9831D075231172C60028D564 /* Errors.swift */ = {isa = PBXFileReference; fileEncoding = 4; lastKnownFileType = sourcecode.swift; path = Errors.swift; sourceTree = "<group>"; };
		9831D07C2311738E0028D564 /* CoordinatorBlue.swift */ = {isa = PBXFileReference; fileEncoding = 4; lastKnownFileType = sourcecode.swift; path = CoordinatorBlue.swift; sourceTree = "<group>"; };
		9831D07E231173950028D564 /* IceBlueViewController.xib */ = {isa = PBXFileReference; fileEncoding = 4; lastKnownFileType = file.xib; path = IceBlueViewController.xib; sourceTree = "<group>"; };
		9831D07F231173950028D564 /* BlueViewController.xib */ = {isa = PBXFileReference; fileEncoding = 4; lastKnownFileType = file.xib; path = BlueViewController.xib; sourceTree = "<group>"; };
		9831D080231173950028D564 /* IceBlueViewController.swift */ = {isa = PBXFileReference; fileEncoding = 4; lastKnownFileType = sourcecode.swift; path = IceBlueViewController.swift; sourceTree = "<group>"; };
		9831D081231173950028D564 /* BlueViewController.swift */ = {isa = PBXFileReference; fileEncoding = 4; lastKnownFileType = sourcecode.swift; path = BlueViewController.swift; sourceTree = "<group>"; };
		9831D086231173CC0028D564 /* CoordinatorRed.swift */ = {isa = PBXFileReference; fileEncoding = 4; lastKnownFileType = sourcecode.swift; path = CoordinatorRed.swift; sourceTree = "<group>"; };
		9831D088231173D60028D564 /* PinkViewController.xib */ = {isa = PBXFileReference; fileEncoding = 4; lastKnownFileType = file.xib; path = PinkViewController.xib; sourceTree = "<group>"; };
		9831D089231173D60028D564 /* PinkViewController.swift */ = {isa = PBXFileReference; fileEncoding = 4; lastKnownFileType = sourcecode.swift; path = PinkViewController.swift; sourceTree = "<group>"; };
		9831D08A231173D60028D564 /* WineViewController.swift */ = {isa = PBXFileReference; fileEncoding = 4; lastKnownFileType = sourcecode.swift; path = WineViewController.swift; sourceTree = "<group>"; };
		9831D08B231173D60028D564 /* RedViewController.swift */ = {isa = PBXFileReference; fileEncoding = 4; lastKnownFileType = sourcecode.swift; path = RedViewController.swift; sourceTree = "<group>"; };
		9831D08C231173D60028D564 /* RedViewController.xib */ = {isa = PBXFileReference; fileEncoding = 4; lastKnownFileType = file.xib; path = RedViewController.xib; sourceTree = "<group>"; };
		9831D08D231173D60028D564 /* WineViewController.xib */ = {isa = PBXFileReference; fileEncoding = 4; lastKnownFileType = file.xib; path = WineViewController.xib; sourceTree = "<group>"; };
		9831D0952311C4C80028D564 /* CoordinatorFactory.swift */ = {isa = PBXFileReference; fileEncoding = 4; lastKnownFileType = sourcecode.swift; path = CoordinatorFactory.swift; sourceTree = "<group>"; };
		9831D0962311C4C80028D564 /* Route.swift */ = {isa = PBXFileReference; fileEncoding = 4; lastKnownFileType = sourcecode.swift; path = Route.swift; sourceTree = "<group>"; };
		9831D0972311C4C80028D564 /* ControllerFactory.swift */ = {isa = PBXFileReference; fileEncoding = 4; lastKnownFileType = sourcecode.swift; path = ControllerFactory.swift; sourceTree = "<group>"; };
		9831D09C2311C50B0028D564 /* Bool+Animated.swift */ = {isa = PBXFileReference; fileEncoding = 4; lastKnownFileType = sourcecode.swift; path = "Bool+Animated.swift"; sourceTree = "<group>"; };
		9831D09F2311C52C0028D564 /* CoordinatorManager.swift */ = {isa = PBXFileReference; fileEncoding = 4; lastKnownFileType = sourcecode.swift; path = CoordinatorManager.swift; sourceTree = "<group>"; };
		98CA7CE31E23EB0D0078F798 /* CoordinatorProject.app */ = {isa = PBXFileReference; explicitFileType = wrapper.application; includeInIndex = 0; path = CoordinatorProject.app; sourceTree = BUILT_PRODUCTS_DIR; };
		98CA7CE61E23EB0D0078F798 /* AppDelegate.swift */ = {isa = PBXFileReference; lastKnownFileType = sourcecode.swift; path = AppDelegate.swift; sourceTree = "<group>"; };
		98CA7CED1E23EB0D0078F798 /* Assets.xcassets */ = {isa = PBXFileReference; lastKnownFileType = folder.assetcatalog; path = Assets.xcassets; sourceTree = "<group>"; };
		98CA7CF01E23EB0D0078F798 /* Base */ = {isa = PBXFileReference; lastKnownFileType = file.storyboard; name = Base; path = Base.lproj/LaunchScreen.storyboard; sourceTree = "<group>"; };
		98CA7CF21E23EB0D0078F798 /* Info.plist */ = {isa = PBXFileReference; lastKnownFileType = text.plist.xml; path = Info.plist; sourceTree = "<group>"; };
/* End PBXFileReference section */

/* Begin PBXFrameworksBuildPhase section */
		98CA7CE01E23EB0D0078F798 /* Frameworks */ = {
			isa = PBXFrameworksBuildPhase;
			buildActionMask = 2147483647;
			files = (
			);
			runOnlyForDeploymentPostprocessing = 0;
		};
/* End PBXFrameworksBuildPhase section */

/* Begin PBXGroup section */
		9831D06D23115C5C0028D564 /* Protocol */ = {
			isa = PBXGroup;
			children = (
				9831D06F23115C840028D564 /* Coordinator.swift */,
				9831D06E23115C840028D564 /* FinishControllerProtocol.swift */,
				9831D07023115C840028D564 /* Presenter.swift */,
			);
			path = Protocol;
			sourceTree = "<group>";
		};
		9831D07423116E100028D564 /* Utils */ = {
			isa = PBXGroup;
			children = (
				9831D075231172C60028D564 /* Errors.swift */,
			);
			path = Utils;
			sourceTree = "<group>";
		};
		9831D077231172E10028D564 /* Flows */ = {
			isa = PBXGroup;
			children = (
				9831D07A231172FC0028D564 /* Red */,
				9831D078231172EA0028D564 /* Blue */,
			);
			path = Flows;
			sourceTree = "<group>";
		};
		9831D078231172EA0028D564 /* Blue */ = {
			isa = PBXGroup;
			children = (
				9831D07C2311738E0028D564 /* CoordinatorBlue.swift */,
				9831D079231172EF0028D564 /* Controller */,
			);
			path = Blue;
			sourceTree = "<group>";
		};
		9831D079231172EF0028D564 /* Controller */ = {
			isa = PBXGroup;
			children = (
				9831D081231173950028D564 /* BlueViewController.swift */,
				9831D07F231173950028D564 /* BlueViewController.xib */,
				9831D080231173950028D564 /* IceBlueViewController.swift */,
				9831D07E231173950028D564 /* IceBlueViewController.xib */,
			);
			path = Controller;
			sourceTree = "<group>";
		};
		9831D07A231172FC0028D564 /* Red */ = {
			isa = PBXGroup;
			children = (
				9831D086231173CC0028D564 /* CoordinatorRed.swift */,
				9831D07B231173020028D564 /* Controller */,
			);
			path = Red;
			sourceTree = "<group>";
		};
		9831D07B231173020028D564 /* Controller */ = {
			isa = PBXGroup;
			children = (
				9831D089231173D60028D564 /* PinkViewController.swift */,
				9831D088231173D60028D564 /* PinkViewController.xib */,
				9831D08B231173D60028D564 /* RedViewController.swift */,
				9831D08C231173D60028D564 /* RedViewController.xib */,
				9831D08A231173D60028D564 /* WineViewController.swift */,
				9831D08D231173D60028D564 /* WineViewController.xib */,
			);
			path = Controller;
			sourceTree = "<group>";
		};
		9831D0942311C45F0028D564 /* Factorys */ = {
			isa = PBXGroup;
			children = (
				9831D0972311C4C80028D564 /* ControllerFactory.swift */,
				9831D0952311C4C80028D564 /* CoordinatorFactory.swift */,
				9831D0962311C4C80028D564 /* Route.swift */,
			);
			path = Factorys;
			sourceTree = "<group>";
		};
		9831D09B2311C4F40028D564 /* Extensions */ = {
			isa = PBXGroup;
			children = (
				9831D09C2311C50B0028D564 /* Bool+Animated.swift */,
			);
			path = Extensions;
			sourceTree = "<group>";
		};
		9831D09E2311C51B0028D564 /* Application */ = {
			isa = PBXGroup;
			children = (
				9831D09F2311C52C0028D564 /* CoordinatorManager.swift */,
				98CA7CE61E23EB0D0078F798 /* AppDelegate.swift */,
			);
			path = Application;
			sourceTree = "<group>";
		};
		98CA7CDA1E23EB0D0078F798 = {
			isa = PBXGroup;
			children = (
				98CA7CE51E23EB0D0078F798 /* CoordinatorProject */,
				98CA7CE41E23EB0D0078F798 /* Products */,
			);
			sourceTree = "<group>";
		};
		98CA7CE41E23EB0D0078F798 /* Products */ = {
			isa = PBXGroup;
			children = (
				98CA7CE31E23EB0D0078F798 /* CoordinatorProject.app */,
			);
			name = Products;
			sourceTree = "<group>";
		};
		98CA7CE51E23EB0D0078F798 /* CoordinatorProject */ = {
			isa = PBXGroup;
			children = (
				9831D09E2311C51B0028D564 /* Application */,
				9831D09B2311C4F40028D564 /* Extensions */,
				9831D0942311C45F0028D564 /* Factorys */,
				9831D077231172E10028D564 /* Flows */,
				9831D07423116E100028D564 /* Utils */,
				9831D06D23115C5C0028D564 /* Protocol */,
				98CA7CED1E23EB0D0078F798 /* Assets.xcassets */,
				98CA7CEF1E23EB0D0078F798 /* LaunchScreen.storyboard */,
				98CA7CF21E23EB0D0078F798 /* Info.plist */,
			);
			path = CoordinatorProject;
			sourceTree = "<group>";
		};
/* End PBXGroup section */

/* Begin PBXNativeTarget section */
		98CA7CE21E23EB0D0078F798 /* CoordinatorProject */ = {
			isa = PBXNativeTarget;
			buildConfigurationList = 98CA7CF51E23EB0D0078F798 /* Build configuration list for PBXNativeTarget "CoordinatorProject" */;
			buildPhases = (
				98CA7CDF1E23EB0D0078F798 /* Sources */,
				98CA7CE01E23EB0D0078F798 /* Frameworks */,
				98CA7CE11E23EB0D0078F798 /* Resources */,
			);
			buildRules = (
			);
			dependencies = (
			);
			name = CoordinatorProject;
			productName = CoordinatorProject;
			productReference = 98CA7CE31E23EB0D0078F798 /* CoordinatorProject.app */;
			productType = "com.apple.product-type.application";
		};
/* End PBXNativeTarget section */

/* Begin PBXProject section */
		98CA7CDB1E23EB0D0078F798 /* Project object */ = {
			isa = PBXProject;
			attributes = {
				LastSwiftUpdateCheck = 0820;
				LastUpgradeCheck = 1030;
				ORGANIZATIONNAME = "Fabio Miciano";
				TargetAttributes = {
					98CA7CE21E23EB0D0078F798 = {
						CreatedOnToolsVersion = 8.2;
						DevelopmentTeam = 24JK3C3F29;
						ProvisioningStyle = Automatic;
					};
				};
			};
			buildConfigurationList = 98CA7CDE1E23EB0D0078F798 /* Build configuration list for PBXProject "CoordinatorProject" */;
			compatibilityVersion = "Xcode 3.2";
			developmentRegion = en;
			hasScannedForEncodings = 0;
			knownRegions = (
				en,
				Base,
			);
			mainGroup = 98CA7CDA1E23EB0D0078F798;
			productRefGroup = 98CA7CE41E23EB0D0078F798 /* Products */;
			projectDirPath = "";
			projectRoot = "";
			targets = (
				98CA7CE21E23EB0D0078F798 /* CoordinatorProject */,
			);
		};
/* End PBXProject section */

/* Begin PBXResourcesBuildPhase section */
		98CA7CE11E23EB0D0078F798 /* Resources */ = {
			isa = PBXResourcesBuildPhase;
			buildActionMask = 2147483647;
			files = (
				9831D092231173D60028D564 /* RedViewController.xib in Resources */,
				98CA7CF11E23EB0D0078F798 /* LaunchScreen.storyboard in Resources */,
				9831D093231173D60028D564 /* WineViewController.xib in Resources */,
				9831D082231173950028D564 /* IceBlueViewController.xib in Resources */,
				9831D08E231173D60028D564 /* PinkViewController.xib in Resources */,
				9831D083231173950028D564 /* BlueViewController.xib in Resources */,
				98CA7CEE1E23EB0D0078F798 /* Assets.xcassets in Resources */,
			);
			runOnlyForDeploymentPostprocessing = 0;
		};
/* End PBXResourcesBuildPhase section */

/* Begin PBXSourcesBuildPhase section */
		98CA7CDF1E23EB0D0078F798 /* Sources */ = {
			isa = PBXSourcesBuildPhase;
			buildActionMask = 2147483647;
			files = (
				9831D087231173CC0028D564 /* CoordinatorRed.swift in Sources */,
				9831D07D2311738E0028D564 /* CoordinatorBlue.swift in Sources */,
				9831D084231173950028D564 /* IceBlueViewController.swift in Sources */,
				9831D085231173950028D564 /* BlueViewController.swift in Sources */,
				9831D0A02311C52C0028D564 /* CoordinatorManager.swift in Sources */,
				9831D091231173D60028D564 /* RedViewController.swift in Sources */,
				9831D0992311C4C80028D564 /* Route.swift in Sources */,
				9831D090231173D60028D564 /* WineViewController.swift in Sources */,
				9831D08F231173D60028D564 /* PinkViewController.swift in Sources */,
				9831D09D2311C50B0028D564 /* Bool+Animated.swift in Sources */,
				9831D07123115C840028D564 /* FinishControllerProtocol.swift in Sources */,
				9831D076231172C60028D564 /* Errors.swift in Sources */,
				98CA7CE71E23EB0D0078F798 /* AppDelegate.swift in Sources */,
				9831D07323115C840028D564 /* Presenter.swift in Sources */,
				9831D09A2311C4C80028D564 /* ControllerFactory.swift in Sources */,
				9831D07223115C840028D564 /* Coordinator.swift in Sources */,
				9831D0982311C4C80028D564 /* CoordinatorFactory.swift in Sources */,
			);
			runOnlyForDeploymentPostprocessing = 0;
		};
/* End PBXSourcesBuildPhase section */

/* Begin PBXVariantGroup section */
		98CA7CEF1E23EB0D0078F798 /* LaunchScreen.storyboard */ = {
			isa = PBXVariantGroup;
			children = (
				98CA7CF01E23EB0D0078F798 /* Base */,
			);
			name = LaunchScreen.storyboard;
			sourceTree = "<group>";
		};
/* End PBXVariantGroup section */

/* Begin XCBuildConfiguration section */
		98CA7CF31E23EB0D0078F798 /* Debug */ = {
			isa = XCBuildConfiguration;
			buildSettings = {
				ALWAYS_SEARCH_USER_PATHS = NO;
				CLANG_ANALYZER_LOCALIZABILITY_NONLOCALIZED = YES;
				CLANG_ANALYZER_NONNULL = YES;
				CLANG_CXX_LANGUAGE_STANDARD = "gnu++0x";
				CLANG_CXX_LIBRARY = "libc++";
				CLANG_ENABLE_MODULES = YES;
				CLANG_ENABLE_OBJC_ARC = YES;
				CLANG_WARN_BLOCK_CAPTURE_AUTORELEASING = YES;
				CLANG_WARN_BOOL_CONVERSION = YES;
				CLANG_WARN_COMMA = YES;
				CLANG_WARN_CONSTANT_CONVERSION = YES;
				CLANG_WARN_DEPRECATED_OBJC_IMPLEMENTATIONS = YES;
				CLANG_WARN_DIRECT_OBJC_ISA_USAGE = YES_ERROR;
				CLANG_WARN_DOCUMENTATION_COMMENTS = YES;
				CLANG_WARN_EMPTY_BODY = YES;
				CLANG_WARN_ENUM_CONVERSION = YES;
				CLANG_WARN_INFINITE_RECURSION = YES;
				CLANG_WARN_INT_CONVERSION = YES;
				CLANG_WARN_NON_LITERAL_NULL_CONVERSION = YES;
				CLANG_WARN_OBJC_IMPLICIT_RETAIN_SELF = YES;
				CLANG_WARN_OBJC_LITERAL_CONVERSION = YES;
				CLANG_WARN_OBJC_ROOT_CLASS = YES_ERROR;
				CLANG_WARN_RANGE_LOOP_ANALYSIS = YES;
				CLANG_WARN_STRICT_PROTOTYPES = YES;
				CLANG_WARN_SUSPICIOUS_MOVE = YES;
				CLANG_WARN_UNREACHABLE_CODE = YES;
				CLANG_WARN__DUPLICATE_METHOD_MATCH = YES;
				"CODE_SIGN_IDENTITY[sdk=iphoneos*]" = "iPhone Developer";
				COPY_PHASE_STRIP = NO;
				DEBUG_INFORMATION_FORMAT = dwarf;
				ENABLE_STRICT_OBJC_MSGSEND = YES;
				ENABLE_TESTABILITY = YES;
				GCC_C_LANGUAGE_STANDARD = gnu99;
				GCC_DYNAMIC_NO_PIC = NO;
				GCC_NO_COMMON_BLOCKS = YES;
				GCC_OPTIMIZATION_LEVEL = 0;
				GCC_PREPROCESSOR_DEFINITIONS = (
					"DEBUG=1",
					"$(inherited)",
				);
				GCC_WARN_64_TO_32_BIT_CONVERSION = YES;
				GCC_WARN_ABOUT_RETURN_TYPE = YES_ERROR;
				GCC_WARN_UNDECLARED_SELECTOR = YES;
				GCC_WARN_UNINITIALIZED_AUTOS = YES_AGGRESSIVE;
				GCC_WARN_UNUSED_FUNCTION = YES;
				GCC_WARN_UNUSED_VARIABLE = YES;
				IPHONEOS_DEPLOYMENT_TARGET = 10.2;
				MTL_ENABLE_DEBUG_INFO = YES;
				ONLY_ACTIVE_ARCH = YES;
				SDKROOT = iphoneos;
				SWIFT_ACTIVE_COMPILATION_CONDITIONS = DEBUG;
				SWIFT_OPTIMIZATION_LEVEL = "-Onone";
				SWIFT_VERSION = 5.0;
			};
			name = Debug;
		};
		98CA7CF41E23EB0D0078F798 /* Release */ = {
			isa = XCBuildConfiguration;
			buildSettings = {
				ALWAYS_SEARCH_USER_PATHS = NO;
				CLANG_ANALYZER_LOCALIZABILITY_NONLOCALIZED = YES;
				CLANG_ANALYZER_NONNULL = YES;
				CLANG_CXX_LANGUAGE_STANDARD = "gnu++0x";
				CLANG_CXX_LIBRARY = "libc++";
				CLANG_ENABLE_MODULES = YES;
				CLANG_ENABLE_OBJC_ARC = YES;
				CLANG_WARN_BLOCK_CAPTURE_AUTORELEASING = YES;
				CLANG_WARN_BOOL_CONVERSION = YES;
				CLANG_WARN_COMMA = YES;
				CLANG_WARN_CONSTANT_CONVERSION = YES;
				CLANG_WARN_DEPRECATED_OBJC_IMPLEMENTATIONS = YES;
				CLANG_WARN_DIRECT_OBJC_ISA_USAGE = YES_ERROR;
				CLANG_WARN_DOCUMENTATION_COMMENTS = YES;
				CLANG_WARN_EMPTY_BODY = YES;
				CLANG_WARN_ENUM_CONVERSION = YES;
				CLANG_WARN_INFINITE_RECURSION = YES;
				CLANG_WARN_INT_CONVERSION = YES;
				CLANG_WARN_NON_LITERAL_NULL_CONVERSION = YES;
				CLANG_WARN_OBJC_IMPLICIT_RETAIN_SELF = YES;
				CLANG_WARN_OBJC_LITERAL_CONVERSION = YES;
				CLANG_WARN_OBJC_ROOT_CLASS = YES_ERROR;
				CLANG_WARN_RANGE_LOOP_ANALYSIS = YES;
				CLANG_WARN_STRICT_PROTOTYPES = YES;
				CLANG_WARN_SUSPICIOUS_MOVE = YES;
				CLANG_WARN_UNREACHABLE_CODE = YES;
				CLANG_WARN__DUPLICATE_METHOD_MATCH = YES;
				"CODE_SIGN_IDENTITY[sdk=iphoneos*]" = "iPhone Developer";
				COPY_PHASE_STRIP = NO;
				DEBUG_INFORMATION_FORMAT = "dwarf-with-dsym";
				ENABLE_NS_ASSERTIONS = NO;
				ENABLE_STRICT_OBJC_MSGSEND = YES;
				GCC_C_LANGUAGE_STANDARD = gnu99;
				GCC_NO_COMMON_BLOCKS = YES;
				GCC_WARN_64_TO_32_BIT_CONVERSION = YES;
				GCC_WARN_ABOUT_RETURN_TYPE = YES_ERROR;
				GCC_WARN_UNDECLARED_SELECTOR = YES;
				GCC_WARN_UNINITIALIZED_AUTOS = YES_AGGRESSIVE;
				GCC_WARN_UNUSED_FUNCTION = YES;
				GCC_WARN_UNUSED_VARIABLE = YES;
				IPHONEOS_DEPLOYMENT_TARGET = 10.2;
				MTL_ENABLE_DEBUG_INFO = NO;
				SDKROOT = iphoneos;
				SWIFT_OPTIMIZATION_LEVEL = "-Owholemodule";
				SWIFT_VERSION = 5.0;
				VALIDATE_PRODUCT = YES;
			};
			name = Release;
		};
		98CA7CF61E23EB0D0078F798 /* Debug */ = {
			isa = XCBuildConfiguration;
			buildSettings = {
				ASSETCATALOG_COMPILER_APPICON_NAME = AppIcon;
				DEVELOPMENT_TEAM = 24JK3C3F29;
				INFOPLIST_FILE = CoordinatorProject/Info.plist;
				LD_RUNPATH_SEARCH_PATHS = "$(inherited) @executable_path/Frameworks";
				PRODUCT_BUNDLE_IDENTIFIER = com.miciano.CoordinatorProject;
				PRODUCT_NAME = "$(TARGET_NAME)";
				SWIFT_VERSION = 5.0;
			};
			name = Debug;
		};
		98CA7CF71E23EB0D0078F798 /* Release */ = {
			isa = XCBuildConfiguration;
			buildSettings = {
				ASSETCATALOG_COMPILER_APPICON_NAME = AppIcon;
				DEVELOPMENT_TEAM = 24JK3C3F29;
				INFOPLIST_FILE = CoordinatorProject/Info.plist;
				LD_RUNPATH_SEARCH_PATHS = "$(inherited) @executable_path/Frameworks";
				PRODUCT_BUNDLE_IDENTIFIER = com.miciano.CoordinatorProject;
				PRODUCT_NAME = "$(TARGET_NAME)";
				SWIFT_VERSION = 5.0;
			};
			name = Release;
		};
/* End XCBuildConfiguration section */

/* Begin XCConfigurationList section */
		98CA7CDE1E23EB0D0078F798 /* Build configuration list for PBXProject "CoordinatorProject" */ = {
			isa = XCConfigurationList;
			buildConfigurations = (
				98CA7CF31E23EB0D0078F798 /* Debug */,
				98CA7CF41E23EB0D0078F798 /* Release */,
			);
			defaultConfigurationIsVisible = 0;
			defaultConfigurationName = Release;
		};
		98CA7CF51E23EB0D0078F798 /* Build configuration list for PBXNativeTarget "CoordinatorProject" */ = {
			isa = XCConfigurationList;
			buildConfigurations = (
				98CA7CF61E23EB0D0078F798 /* Debug */,
				98CA7CF71E23EB0D0078F798 /* Release */,
			);
			defaultConfigurationIsVisible = 0;
			defaultConfigurationName = Release;
		};
/* End XCConfigurationList section */
	};
	rootObject = 98CA7CDB1E23EB0D0078F798 /* Project object */;
}
